
Microsoft Visual Studio Solution File, Format Version 12.00
# Visual Studio 2013
VisualStudioVersion = 12.0.40629.0
MinimumVisualStudioVersion = 10.0.40219.1
Project("{8BC9CEB8-8B4A-11D0-8D11-00A0C91BC942}") = "Day10", "Day10\Day10.vcxproj", "{52D56977-724F-4968-ACB8-6B1593CD06B2}"
EndProject
Project("{8BC9CEB8-8B4A-11D0-8D11-00A0C91BC942}") = "Day11", "Day11\Day11.vcxproj", "{E6F4D0BE-6104-4B50-B185-5DA9738041B5}"
EndProject
Project("{8BC9CEB8-8B4A-11D0-8D11-00A0C91BC942}") = "Day13", "Day13\Day13.vcxproj", "{DB0304A7-A442-4B71-8D9B-8D0780F5A910}"
EndProject
Project("{8BC9CEB8-8B4A-11D0-8D11-00A0C91BC942}") = "Day14", "Day14\Day14.vcxproj", "{07BC22F0-076E-45EF-B960-7DC2C9A00278}"
EndProject
Project("{8BC9CEB8-8B4A-11D0-8D11-00A0C91BC942}") = "Day15", "Day15\Day15.vcxproj", "{F98CCEC8-6518-42AB-8E4E-61B8A0029DE1}"
EndProject
Project("{8BC9CEB8-8B4A-11D0-8D11-00A0C91BC942}") = "Day16", "Day16\Day16.vcxproj", "{A93B24C4-603C-41C6-B531-7D86DAB45E22}"
EndProject
Project("{8BC9CEB8-8B4A-11D0-8D11-00A0C91BC942}") = "Day17", "Day17\Day17.vcxproj", "{51D7F222-98E9-4CE2-81FF-868DD3B5FD4B}"
EndProject
Project("{8BC9CEB8-8B4A-11D0-8D11-00A0C91BC942}") = "Day18", "Day18\Day18.vcxproj", "{0F7CD2E3-48EF-44C1-B308-6B77FE009AAB}"
EndProject
Project("{8BC9CEB8-8B4A-11D0-8D11-00A0C91BC942}") = "Day19", "Day19\Day19.vcxproj", "{354D177E-22CA-4E49-BC75-03E3C8D6724F}"
EndProject
Project("{8BC9CEB8-8B4A-11D0-8D11-00A0C91BC942}") = "Day20", "Day20\Day20.vcxproj", "{2418715A-CE6A-4986-8A8F-10E467A4E7AB}"
EndProject
Project("{8BC9CEB8-8B4A-11D0-8D11-00A0C91BC942}") = "Day21", "Day21\Day21.vcxproj", "{BF2EA64C-E4AA-4D29-A6DD-2D24258D687F}"
EndProject
Project("{8BC9CEB8-8B4A-11D0-8D11-00A0C91BC942}") = "Day22", "Day22\Day22.vcxproj", "{2271A7C7-29E6-4214-AEE3-1D5923AAFB68}"
EndProject
Project("{8BC9CEB8-8B4A-11D0-8D11-00A0C91BC942}") = "Day23", "Day23\Day23.vcxproj", "{0884F20B-E052-4FD2-BB42-E45032DF48EF}"
EndProject
Project("{8BC9CEB8-8B4A-11D0-8D11-00A0C91BC942}") = "Day24", "Day24\Day24.vcxproj", "{3E9DFAD8-F803-4B04-A496-81340A372D63}"
EndProject
Project("{8BC9CEB8-8B4A-11D0-8D11-00A0C91BC942}") = "Day25", "Day25\Day25.vcxproj", "{52E6AA01-ADB6-4026-9406-C072C7DEAC7F}"
EndProject
Global
	GlobalSection(SolutionConfigurationPlatforms) = preSolution
		Debug|Win32 = Debug|Win32
		Release|Win32 = Release|Win32
	EndGlobalSection
	GlobalSection(ProjectConfigurationPlatforms) = postSolution
		{52D56977-724F-4968-ACB8-6B1593CD06B2}.Debug|Win32.ActiveCfg = Debug|Win32
		{52D56977-724F-4968-ACB8-6B1593CD06B2}.Debug|Win32.Build.0 = Debug|Win32
		{52D56977-724F-4968-ACB8-6B1593CD06B2}.Debug|Win32.Deploy.0 = Debug|Win32
		{52D56977-724F-4968-ACB8-6B1593CD06B2}.Release|Win32.ActiveCfg = Release|Win32
		{52D56977-724F-4968-ACB8-6B1593CD06B2}.Release|Win32.Build.0 = Release|Win32
		{52D56977-724F-4968-ACB8-6B1593CD06B2}.Release|Win32.Deploy.0 = Release|Win32
		{E6F4D0BE-6104-4B50-B185-5DA9738041B5}.Debug|Win32.ActiveCfg = Debug|Win32
		{E6F4D0BE-6104-4B50-B185-5DA9738041B5}.Debug|Win32.Build.0 = Debug|Win32
		{E6F4D0BE-6104-4B50-B185-5DA9738041B5}.Debug|Win32.Deploy.0 = Debug|Win32
		{E6F4D0BE-6104-4B50-B185-5DA9738041B5}.Release|Win32.ActiveCfg = Release|Win32
		{E6F4D0BE-6104-4B50-B185-5DA9738041B5}.Release|Win32.Build.0 = Release|Win32
		{E6F4D0BE-6104-4B50-B185-5DA9738041B5}.Release|Win32.Deploy.0 = Release|Win32
		{DB0304A7-A442-4B71-8D9B-8D0780F5A910}.Debug|Win32.ActiveCfg = Debug|Win32
		{DB0304A7-A442-4B71-8D9B-8D0780F5A910}.Debug|Win32.Build.0 = Debug|Win32
		{DB0304A7-A442-4B71-8D9B-8D0780F5A910}.Debug|Win32.Deploy.0 = Debug|Win32
		{DB0304A7-A442-4B71-8D9B-8D0780F5A910}.Release|Win32.ActiveCfg = Release|Win32
		{DB0304A7-A442-4B71-8D9B-8D0780F5A910}.Release|Win32.Build.0 = Release|Win32
		{DB0304A7-A442-4B71-8D9B-8D0780F5A910}.Release|Win32.Deploy.0 = Release|Win32
		{07BC22F0-076E-45EF-B960-7DC2C9A00278}.Debug|Win32.ActiveCfg = Debug|Win32
		{07BC22F0-076E-45EF-B960-7DC2C9A00278}.Debug|Win32.Build.0 = Debug|Win32
		{07BC22F0-076E-45EF-B960-7DC2C9A00278}.Debug|Win32.Deploy.0 = Debug|Win32
		{07BC22F0-076E-45EF-B960-7DC2C9A00278}.Release|Win32.ActiveCfg = Release|Win32
		{07BC22F0-076E-45EF-B960-7DC2C9A00278}.Release|Win32.Build.0 = Release|Win32
		{07BC22F0-076E-45EF-B960-7DC2C9A00278}.Release|Win32.Deploy.0 = Release|Win32
		{F98CCEC8-6518-42AB-8E4E-61B8A0029DE1}.Debug|Win32.ActiveCfg = Debug|Win32
		{F98CCEC8-6518-42AB-8E4E-61B8A0029DE1}.Debug|Win32.Build.0 = Debug|Win32
		{F98CCEC8-6518-42AB-8E4E-61B8A0029DE1}.Debug|Win32.Deploy.0 = Debug|Win32
		{F98CCEC8-6518-42AB-8E4E-61B8A0029DE1}.Release|Win32.ActiveCfg = Release|Win32
		{F98CCEC8-6518-42AB-8E4E-61B8A0029DE1}.Release|Win32.Build.0 = Release|Win32
		{F98CCEC8-6518-42AB-8E4E-61B8A0029DE1}.Release|Win32.Deploy.0 = Release|Win32
		{A93B24C4-603C-41C6-B531-7D86DAB45E22}.Debug|Win32.ActiveCfg = Debug|Win32
		{A93B24C4-603C-41C6-B531-7D86DAB45E22}.Debug|Win32.Build.0 = Debug|Win32
		{A93B24C4-603C-41C6-B531-7D86DAB45E22}.Debug|Win32.Deploy.0 = Debug|Win32
		{A93B24C4-603C-41C6-B531-7D86DAB45E22}.Release|Win32.ActiveCfg = Release|Win32
		{A93B24C4-603C-41C6-B531-7D86DAB45E22}.Release|Win32.Build.0 = Release|Win32
		{A93B24C4-603C-41C6-B531-7D86DAB45E22}.Release|Win32.Deploy.0 = Release|Win32
		{51D7F222-98E9-4CE2-81FF-868DD3B5FD4B}.Debug|Win32.ActiveCfg = Debug|Win32
		{51D7F222-98E9-4CE2-81FF-868DD3B5FD4B}.Debug|Win32.Build.0 = Debug|Win32
		{51D7F222-98E9-4CE2-81FF-868DD3B5FD4B}.Debug|Win32.Deploy.0 = Debug|Win32
		{51D7F222-98E9-4CE2-81FF-868DD3B5FD4B}.Release|Win32.ActiveCfg = Release|Win32
		{51D7F222-98E9-4CE2-81FF-868DD3B5FD4B}.Release|Win32.Build.0 = Release|Win32
		{51D7F222-98E9-4CE2-81FF-868DD3B5FD4B}.Release|Win32.Deploy.0 = Release|Win32
		{0F7CD2E3-48EF-44C1-B308-6B77FE009AAB}.Debug|Win32.ActiveCfg = Debug|Win32
		{0F7CD2E3-48EF-44C1-B308-6B77FE009AAB}.Debug|Win32.Build.0 = Debug|Win32
		{0F7CD2E3-48EF-44C1-B308-6B77FE009AAB}.Debug|Win32.Deploy.0 = Debug|Win32
		{0F7CD2E3-48EF-44C1-B308-6B77FE009AAB}.Release|Win32.ActiveCfg = Release|Win32
		{0F7CD2E3-48EF-44C1-B308-6B77FE009AAB}.Release|Win32.Build.0 = Release|Win32
		{0F7CD2E3-48EF-44C1-B308-6B77FE009AAB}.Release|Win32.Deploy.0 = Release|Win32
		{354D177E-22CA-4E49-BC75-03E3C8D6724F}.Debug|Win32.ActiveCfg = Debug|Win32
		{354D177E-22CA-4E49-BC75-03E3C8D6724F}.Debug|Win32.Build.0 = Debug|Win32
		{354D177E-22CA-4E49-BC75-03E3C8D6724F}.Release|Win32.ActiveCfg = Release|Win32
		{354D177E-22CA-4E49-BC75-03E3C8D6724F}.Release|Win32.Build.0 = Release|Win32
		{2418715A-CE6A-4986-8A8F-10E467A4E7AB}.Debug|Win32.ActiveCfg = Debug|Win32
		{2418715A-CE6A-4986-8A8F-10E467A4E7AB}.Debug|Win32.Build.0 = Debug|Win32
		{2418715A-CE6A-4986-8A8F-10E467A4E7AB}.Release|Win32.ActiveCfg = Release|Win32
		{2418715A-CE6A-4986-8A8F-10E467A4E7AB}.Release|Win32.Build.0 = Release|Win32
		{BF2EA64C-E4AA-4D29-A6DD-2D24258D687F}.Debug|Win32.ActiveCfg = Debug|Win32
		{BF2EA64C-E4AA-4D29-A6DD-2D24258D687F}.Debug|Win32.Build.0 = Debug|Win32
		{BF2EA64C-E4AA-4D29-A6DD-2D24258D687F}.Release|Win32.ActiveCfg = Release|Win32
		{BF2EA64C-E4AA-4D29-A6DD-2D24258D687F}.Release|Win32.Build.0 = Release|Win32
		{2271A7C7-29E6-4214-AEE3-1D5923AAFB68}.Debug|Win32.ActiveCfg = Debug|Win32
		{2271A7C7-29E6-4214-AEE3-1D5923AAFB68}.Debug|Win32.Build.0 = Debug|Win32
		{2271A7C7-29E6-4214-AEE3-1D5923AAFB68}.Release|Win32.ActiveCfg = Release|Win32
		{2271A7C7-29E6-4214-AEE3-1D5923AAFB68}.Release|Win32.Build.0 = Release|Win32
		{0884F20B-E052-4FD2-BB42-E45032DF48EF}.Debug|Win32.ActiveCfg = Debug|Win32
		{0884F20B-E052-4FD2-BB42-E45032DF48EF}.Debug|Win32.Build.0 = Debug|Win32
		{0884F20B-E052-4FD2-BB42-E45032DF48EF}.Debug|Win32.Deploy.0 = Debug|Win32
		{0884F20B-E052-4FD2-BB42-E45032DF48EF}.Release|Win32.ActiveCfg = Release|Win32
		{0884F20B-E052-4FD2-BB42-E45032DF48EF}.Release|Win32.Build.0 = Release|Win32
		{0884F20B-E052-4FD2-BB42-E45032DF48EF}.Release|Win32.Deploy.0 = Release|Win32
		{3E9DFAD8-F803-4B04-A496-81340A372D63}.Debug|Win32.ActiveCfg = Debug|Win32
		{3E9DFAD8-F803-4B04-A496-81340A372D63}.Debug|Win32.Build.0 = Debug|Win32
		{3E9DFAD8-F803-4B04-A496-81340A372D63}.Release|Win32.ActiveCfg = Release|Win32
		{3E9DFAD8-F803-4B04-A496-81340A372D63}.Release|Win32.Build.0 = Release|Win32
		{52E6AA01-ADB6-4026-9406-C072C7DEAC7F}.Debug|Win32.ActiveCfg = Debug|Win32
		{52E6AA01-ADB6-4026-9406-C072C7DEAC7F}.Debug|Win32.Build.0 = Debug|Win32
		{52E6AA01-ADB6-4026-9406-C072C7DEAC7F}.Release|Win32.ActiveCfg = Release|Win32
		{52E6AA01-ADB6-4026-9406-C072C7DEAC7F}.Release|Win32.Build.0 = Release|Win32
	EndGlobalSection
	GlobalSection(SolutionProperties) = preSolution
		HideSolutionNode = FALSE
	EndGlobalSection
EndGlobal
